uuid: 8870e9b1-7e2e-4690-862a-290c72543b47
langcode: ru
status: true
dependencies:
  module:
    - helloworld
    - system
    - user
  theme:
    - bootstrap
id: helloblock
theme: bootstrap
region: content
weight: 0
provider: null
plugin: hello_block
settings:
  id: hello_block
  label: 'Hello block'
  provider: helloworld
  label_display: visible
visibility:
  user_role:
    id: user_role
    roles:
      employee: employee
    negate: false
    context_mapping:
      user: '@user.current_user_context:current_user'
  request_path:
    id: request_path
    pages: '/user/*'
    negate: false
    context_mapping: {  }
